
Microsoft Visual Studio Solution File, Format Version 12.00
# Visual Studio 15
VisualStudioVersion = 15.0.27428.2027
MinimumVisualStudioVersion = 10.0.40219.1
Project("{FAE04EC0-301F-11D3-BF4B-00C04F79EFBC}") = "ConsoleApp", "ConsoleApp\ConsoleApp.csproj", "{72B9D1E5-E45A-471B-A3FC-A477EB17C1A6}"
EndProject
Project("{FAE04EC0-301F-11D3-BF4B-00C04F79EFBC}") = "Logic", "Logic\Logic.csproj", "{37E41EB4-81A2-472D-AC5A-72F49CAD63CC}"
EndProject
Global
	GlobalSection(SolutionConfigurationPlatforms) = preSolution
		Debug|Any CPU = Debug|Any CPU
		Release|Any CPU = Release|Any CPU
	EndGlobalSection
	GlobalSection(ProjectConfigurationPlatforms) = postSolution
		{72B9D1E5-E45A-471B-A3FC-A477EB17C1A6}.Debug|Any CPU.ActiveCfg = Debug|Any CPU
		{72B9D1E5-E45A-471B-A3FC-A477EB17C1A6}.Debug|Any CPU.Build.0 = Debug|Any CPU
		{72B9D1E5-E45A-471B-A3FC-A477EB17C1A6}.Release|Any CPU.ActiveCfg = Release|Any CPU
		{72B9D1E5-E45A-471B-A3FC-A477EB17C1A6}.Release|Any CPU.Build.0 = Release|Any CPU
		{37E41EB4-81A2-472D-AC5A-72F49CAD63CC}.Debug|Any CPU.ActiveCfg = Debug|Any CPU
		{37E41EB4-81A2-472D-AC5A-72F49CAD63CC}.Debug|Any CPU.Build.0 = Debug|Any CPU
		{37E41EB4-81A2-472D-AC5A-72F49CAD63CC}.Release|Any CPU.ActiveCfg = Release|Any CPU
		{37E41EB4-81A2-472D-AC5A-72F49CAD63CC}.Release|Any CPU.Build.0 = Release|Any CPU
	EndGlobalSection
	GlobalSection(SolutionProperties) = preSolution
		HideSolutionNode = FALSE
	EndGlobalSection
	GlobalSection(ExtensibilityGlobals) = postSolution
		SolutionGuid = {97F992C3-C601-4CD9-8569-12DE79760667}
	EndGlobalSection
EndGlobal
